// !$*UTF8*$!
{
	archiveVersion = 1;
	classes = {
	};
	objectVersion = 50;
	objects = {

/* Begin PBXBuildFile section */
		184A7BD1207C9460006A0EF8 /* AppDelegate.swift in Sources */ = {isa = PBXBuildFile; fileRef = 184A7BD0207C9460006A0EF8 /* AppDelegate.swift */; };
		184A7BD3207C9460006A0EF8 /* ViewController.swift in Sources */ = {isa = PBXBuildFile; fileRef = 184A7BD2207C9460006A0EF8 /* ViewController.swift */; };
		184A7BD6207C9460006A0EF8 /* Main.storyboard in Resources */ = {isa = PBXBuildFile; fileRef = 184A7BD4207C9460006A0EF8 /* Main.storyboard */; };
		184A7BD9207C9460006A0EF8 /* aadi_app.xcdatamodeld in Sources */ = {isa = PBXBuildFile; fileRef = 184A7BD7207C9460006A0EF8 /* aadi_app.xcdatamodeld */; };
		184A7BDB207C9461006A0EF8 /* Assets.xcassets in Resources */ = {isa = PBXBuildFile; fileRef = 184A7BDA207C9461006A0EF8 /* Assets.xcassets */; };
		184A7BDE207C9461006A0EF8 /* LaunchScreen.storyboard in Resources */ = {isa = PBXBuildFile; fileRef = 184A7BDC207C9461006A0EF8 /* LaunchScreen.storyboard */; };
/* End PBXBuildFile section */

/* Begin PBXFileReference section */
		184A7BCD207C9460006A0EF8 /* aadi app.app */ = {isa = PBXFileReference; explicitFileType = wrapper.application; includeInIndex = 0; path = "aadi app.app"; sourceTree = BUILT_PRODUCTS_DIR; };
		184A7BD0207C9460006A0EF8 /* AppDelegate.swift */ = {isa = PBXFileReference; lastKnownFileType = sourcecode.swift; path = AppDelegate.swift; sourceTree = "<group>"; };
		184A7BD2207C9460006A0EF8 /* ViewController.swift */ = {isa = PBXFileReference; lastKnownFileType = sourcecode.swift; path = ViewController.swift; sourceTree = "<group>"; };
		184A7BD5207C9460006A0EF8 /* Base */ = {isa = PBXFileReference; lastKnownFileType = file.storyboard; name = Base; path = Base.lproj/Main.storyboard; sourceTree = "<group>"; };
		184A7BD8207C9460006A0EF8 /* aadi_app.xcdatamodel */ = {isa = PBXFileReference; lastKnownFileType = wrapper.xcdatamodel; path = aadi_app.xcdatamodel; sourceTree = "<group>"; };
		184A7BDA207C9461006A0EF8 /* Assets.xcassets */ = {isa = PBXFileReference; lastKnownFileType = folder.assetcatalog; path = Assets.xcassets; sourceTree = "<group>"; };
		184A7BDD207C9461006A0EF8 /* Base */ = {isa = PBXFileReference; lastKnownFileType = file.storyboard; name = Base; path = Base.lproj/LaunchScreen.storyboard; sourceTree = "<group>"; };
		184A7BDF207C9461006A0EF8 /* Info.plist */ = {isa = PBXFileReference; lastKnownFileType = text.plist.xml; path = Info.plist; sourceTree = "<group>"; };
/* End PBXFileReference section */

/* Begin PBXFrameworksBuildPhase section */
		184A7BCA207C9460006A0EF8 /* Frameworks */ = {
			isa = PBXFrameworksBuildPhase;
			buildActionMask = 2147483647;
			files = (
			);
			runOnlyForDeploymentPostprocessing = 0;
		};
/* End PBXFrameworksBuildPhase section */

/* Begin PBXGroup section */
		184A7BC4207C9460006A0EF8 = {
			isa = PBXGroup;
			children = (
				184A7BCF207C9460006A0EF8 /* aadi app */,
				184A7BCE207C9460006A0EF8 /* Products */,
			);
			sourceTree = "<group>";
		};
		184A7BCE207C9460006A0EF8 /* Products */ = {
			isa = PBXGroup;
			children = (
				184A7BCD207C9460006A0EF8 /* aadi app.app */,
			);
			name = Products;
			sourceTree = "<group>";
		};
		184A7BCF207C9460006A0EF8 /* aadi app */ = {
			isa = PBXGroup;
			children = (
				184A7BD0207C9460006A0EF8 /* AppDelegate.swift */,
				184A7BD2207C9460006A0EF8 /* ViewController.swift */,
				184A7BD4207C9460006A0EF8 /* Main.storyboard */,
				184A7BDA207C9461006A0EF8 /* Assets.xcassets */,
				184A7BDC207C9461006A0EF8 /* LaunchScreen.storyboard */,
				184A7BDF207C9461006A0EF8 /* Info.plist */,
				184A7BD7207C9460006A0EF8 /* aadi_app.xcdatamodeld */,
			);
			path = "aadi app";
			sourceTree = "<group>";
		};
/* End PBXGroup section */

/* Begin PBXNativeTarget section */
		184A7BCC207C9460006A0EF8 /* aadi app */ = {
			isa = PBXNativeTarget;
			buildConfigurationList = 184A7BE2207C9461006A0EF8 /* Build configuration list for PBXNativeTarget "aadi app" */;
			buildPhases = (
				184A7BC9207C9460006A0EF8 /* Sources */,
				184A7BCA207C9460006A0EF8 /* Frameworks */,
				184A7BCB207C9460006A0EF8 /* Resources */,
			);
			buildRules = (
			);
			dependencies = (
			);
			name = "aadi app";
			productName = "aadi app";
			productReference = 184A7BCD207C9460006A0EF8 /* aadi app.app */;
			productType = "com.apple.product-type.application";
		};
/* End PBXNativeTarget section */

/* Begin PBXProject section */
		184A7BC5207C9460006A0EF8 /* Project object */ = {
			isa = PBXProject;
			attributes = {
				LastSwiftUpdateCheck = 0930;
				LastUpgradeCheck = 0930;
				ORGANIZATIONNAME = BRN;
				TargetAttributes = {
					184A7BCC207C9460006A0EF8 = {
						CreatedOnToolsVersion = 9.3;
					};
				};
			};
			buildConfigurationList = 184A7BC8207C9460006A0EF8 /* Build configuration list for PBXProject "aadi app" */;
			compatibilityVersion = "Xcode 9.3";
			developmentRegion = en;
			hasScannedForEncodings = 0;
			knownRegions = (
				en,
				Base,
			);
			mainGroup = 184A7BC4207C9460006A0EF8;
			productRefGroup = 184A7BCE207C9460006A0EF8 /* Products */;
			projectDirPath = "";
			projectRoot = "";
			targets = (
				184A7BCC207C9460006A0EF8 /* aadi app */,
			);
		};
/* End PBXProject section */

/* Begin PBXResourcesBuildPhase section */
		184A7BCB207C9460006A0EF8 /* Resources */ = {
			isa = PBXResourcesBuildPhase;
			buildActionMask = 2147483647;
			files = (
				184A7BDE207C9461006A0EF8 /* LaunchScreen.storyboard in Resources */,
				184A7BDB207C9461006A0EF8 /* Assets.xcassets in Resources */,
				184A7BD6207C9460006A0EF8 /* Main.storyboard in Resources */,
			);
			runOnlyForDeploymentPostprocessing = 0;
		};
/* End PBXResourcesBuildPhase section */

/* Begin PBXSourcesBuildPhase section */
		184A7BC9207C9460006A0EF8 /* Sources */ = {
			isa = PBXSourcesBuildPhase;
			buildActionMask = 2147483647;
			files = (
				184A7BD9207C9460006A0EF8 /* aadi_app.xcdatamodeld in Sources */,
				184A7BD3207C9460006A0EF8 /* ViewController.swift in Sources */,
				184A7BD1207C9460006A0EF8 /* AppDelegate.swift in Sources */,
			);
			runOnlyForDeploymentPostprocessing = 0;
		};
/* End PBXSourcesBuildPhase section */

/* Begin PBXVariantGroup section */
		184A7BD4207C9460006A0EF8 /* Main.storyboard */ = {
			isa = PBXVariantGroup;
			children = (
				184A7BD5207C9460006A0EF8 /* Base */,
			);
			name = Main.storyboard;
			sourceTree = "<group>";
		};
		184A7BDC207C9461006A0EF8 /* LaunchScreen.storyboard */ = {
			isa = PBXVariantGroup;
			children = (
				184A7BDD207C9461006A0EF8 /* Base */,
			);
			name = LaunchScreen.storyboard;
			sourceTree = "<group>";
		};
/* End PBXVariantGroup section */

/* Begin XCBuildConfiguration section */
		184A7BE0207C9461006A0EF8 /* Debug */ = {
			isa = XCBuildConfiguration;
			buildSettings = {
				ALWAYS_SEARCH_USER_PATHS = NO;
				CLANG_ANALYZER_NONNULL = YES;
				CLANG_ANALYZER_NUMBER_OBJECT_CONVERSION = YES_AGGRESSIVE;
				CLANG_CXX_LANGUAGE_STANDARD = "gnu++14";
				CLANG_CXX_LIBRARY = "libc++";
				CLANG_ENABLE_MODULES = YES;
				CLANG_ENABLE_OBJC_ARC = YES;
				CLANG_ENABLE_OBJC_WEAK = YES;
				CLANG_WARN_BLOCK_CAPTURE_AUTORELEASING = YES;
				CLANG_WARN_BOOL_CONVERSION = YES;
				CLANG_WARN_COMMA = YES;
				CLANG_WARN_CONSTANT_CONVERSION = YES;
				CLANG_WARN_DEPRECATED_OBJC_IMPLEMENTATIONS = YES;
				CLANG_WARN_DIRECT_OBJC_ISA_USAGE = YES_ERROR;
				CLANG_WARN_DOCUMENTATION_COMMENTS = YES;
				CLANG_WARN_EMPTY_BODY = YES;
				CLANG_WARN_ENUM_CONVERSION = YES;
				CLANG_WARN_INFINITE_RECURSION = YES;
				CLANG_WARN_INT_CONVERSION = YES;
				CLANG_WARN_NON_LITERAL_NULL_CONVERSION = YES;
				CLANG_WARN_OBJC_IMPLICIT_RETAIN_SELF = YES;
				CLANG_WARN_OBJC_LITERAL_CONVERSION = YES;
				CLANG_WARN_OBJC_ROOT_CLASS = YES_ERROR;
				CLANG_WARN_RANGE_LOOP_ANALYSIS = YES;
				CLANG_WARN_STRICT_PROTOTYPES = YES;
				CLANG_WARN_SUSPICIOUS_MOVE = YES;
				CLANG_WARN_UNGUARDED_AVAILABILITY = YES_AGGRESSIVE;
				CLANG_WARN_UNREACHABLE_CODE = YES;
				CLANG_WARN__DUPLICATE_METHOD_MATCH = YES;
				CODE_SIGN_IDENTITY = "iPhone Developer";
				COPY_PHASE_STRIP = NO;
				DEBUG_INFORMATION_FORMAT = dwarf;
				ENABLE_STRICT_OBJC_MSGSEND = YES;
				ENABLE_TESTABILITY = YES;
				GCC_C_LANGUAGE_STANDARD = gnu11;
				GCC_DYNAMIC_NO_PIC = NO;
				GCC_NO_COMMON_BLOCKS = YES;
				GCC_OPTIMIZATION_LEVEL = 0;
				GCC_PREPROCESSOR_DEFINITIONS = (
					"DEBUG=1",
					"$(inherited)",
				);
				GCC_WARN_64_TO_32_BIT_CONVERSION = YES;
				GCC_WARN_ABOUT_RETURN_TYPE = YES_ERROR;
				GCC_WARN_UNDECLARED_SELECTOR = YES;
				GCC_WARN_UNINITIALIZED_AUTOS = YES_AGGRESSIVE;
				GCC_WARN_UNUSED_FUNCTION = YES;
				GCC_WARN_UNUSED_VARIABLE = YES;
				IPHONEOS_DEPLOYMENT_TARGET = 11.3;
				MTL_ENABLE_DEBUG_INFO = YES;
				ONLY_ACTIVE_ARCH = YES;
				SDKROOT = iphoneos;
				SWIFT_ACTIVE_COMPILATION_CONDITIONS = DEBUG;
				SWIFT_OPTIMIZATION_LEVEL = "-Onone";
			};
			name = Debug;
		};
		184A7BE1207C9461006A0EF8 /* Release */ = {
			isa = XCBuildConfiguration;
			buildSettings = {
				ALWAYS_SEARCH_USER_PATHS = NO;
				CLANG_ANALYZER_NONNULL = YES;
				CLANG_ANALYZER_NUMBER_OBJECT_CONVERSION = YES_AGGRESSIVE;
				CLANG_CXX_LANGUAGE_STANDARD = "gnu++14";
				CLANG_CXX_LIBRARY = "libc++";
				CLANG_ENABLE_MODULES = YES;
				CLANG_ENABLE_OBJC_ARC = YES;
				CLANG_ENABLE_OBJC_WEAK = YES;
				CLANG_WARN_BLOCK_CAPTURE_AUTORELEASING = YES;
				CLANG_WARN_BOOL_CONVERSION = YES;
				CLANG_WARN_COMMA = YES;
				CLANG_WARN_CONSTANT_CONVERSION = YES;
				CLANG_WARN_DEPRECATED_OBJC_IMPLEMENTATIONS = YES;
				CLANG_WARN_DIRECT_OBJC_ISA_USAGE = YES_ERROR;
				CLANG_WARN_DOCUMENTATION_COMMENTS = YES;
				CLANG_WARN_EMPTY_BODY = YES;
				CLANG_WARN_ENUM_CONVERSION = YES;
				CLANG_WARN_INFINITE_RECURSION = YES;
				CLANG_WARN_INT_CONVERSION = YES;
				CLANG_WARN_NON_LITERAL_NULL_CONVERSION = YES;
				CLANG_WARN_OBJC_IMPLICIT_RETAIN_SELF = YES;
				CLANG_WARN_OBJC_LITERAL_CONVERSION = YES;
				CLANG_WARN_OBJC_ROOT_CLASS = YES_ERROR;
				CLANG_WARN_RANGE_LOOP_ANALYSIS = YES;
				CLANG_WARN_STRICT_PROTOTYPES = YES;
				CLANG_WARN_SUSPICIOUS_MOVE = YES;
				CLANG_WARN_UNGUARDED_AVAILABILITY = YES_AGGRESSIVE;
				CLANG_WARN_UNREACHABLE_CODE = YES;
				CLANG_WARN__DUPLICATE_METHOD_MATCH = YES;
				CODE_SIGN_IDENTITY = "iPhone Developer";
				COPY_PHASE_STRIP = NO;
				DEBUG_INFORMATION_FORMAT = "dwarf-with-dsym";
				ENABLE_NS_ASSERTIONS = NO;
				ENABLE_STRICT_OBJC_MSGSEND = YES;
				GCC_C_LANGUAGE_STANDARD = gnu11;
				GCC_NO_COMMON_BLOCKS = YES;
				GCC_WARN_64_TO_32_BIT_CONVERSION = YES;
				GCC_WARN_ABOUT_RETURN_TYPE = YES_ERROR;
				GCC_WARN_UNDECLARED_SELECTOR = YES;
				GCC_WARN_UNINITIALIZED_AUTOS = YES_AGGRESSIVE;
				GCC_WARN_UNUSED_FUNCTION = YES;
				GCC_WARN_UNUSED_VARIABLE = YES;
				IPHONEOS_DEPLOYMENT_TARGET = 11.3;
				MTL_ENABLE_DEBUG_INFO = NO;
				SDKROOT = iphoneos;
				SWIFT_COMPILATION_MODE = wholemodule;
				SWIFT_OPTIMIZATION_LEVEL = "-O";
				VALIDATE_PRODUCT = YES;
			};
			name = Release;
		};
		184A7BE3207C9461006A0EF8 /* Debug */ = {
			isa = XCBuildConfiguration;
			buildSettings = {
				ASSETCATALOG_COMPILER_APPICON_NAME = AppIcon;
				CODE_SIGN_STYLE = Automatic;
				DEVELOPMENT_TEAM = 9R94QFKK95;
				INFOPLIST_FILE = "aadi app/Info.plist";
				LD_RUNPATH_SEARCH_PATHS = (
					"$(inherited)",
					"@executable_path/Frameworks",
				);
				PRODUCT_BUNDLE_IDENTIFIER = "com.brn.aadi-app";
				PRODUCT_NAME = "$(TARGET_NAME)";
				SWIFT_VERSION = 4.0;
				TARGETED_DEVICE_FAMILY = "1,2";
			};
			name = Debug;
		};
		184A7BE4207C9461006A0EF8 /* Release */ = {
			isa = XCBuildConfiguration;
			buildSettings = {
				ASSETCATALOG_COMPILER_APPICON_NAME = AppIcon;
				CODE_SIGN_STYLE = Automatic;
				DEVELOPMENT_TEAM = 9R94QFKK95;
				INFOPLIST_FILE = "aadi app/Info.plist";
				LD_RUNPATH_SEARCH_PATHS = (
					"$(inherited)",
					"@executable_path/Frameworks",
				);
				PRODUCT_BUNDLE_IDENTIFIER = "com.brn.aadi-app";
				PRODUCT_NAME = "$(TARGET_NAME)";
				SWIFT_VERSION = 4.0;
				TARGETED_DEVICE_FAMILY = "1,2";
			};
			name = Release;
		};
/* End XCBuildConfiguration section */

/* Begin XCConfigurationList section */
		184A7BC8207C9460006A0EF8 /* Build configuration list for PBXProject "aadi app" */ = {
			isa = XCConfigurationList;
			buildConfigurations = (
				184A7BE0207C9461006A0EF8 /* Debug */,
				184A7BE1207C9461006A0EF8 /* Release */,
			);
			defaultConfigurationIsVisible = 0;
			defaultConfigurationName = Release;
		};
		184A7BE2207C9461006A0EF8 /* Build configuration list for PBXNativeTarget "aadi app" */ = {
			isa = XCConfigurationList;
			buildConfigurations = (
				184A7BE3207C9461006A0EF8 /* Debug */,
				184A7BE4207C9461006A0EF8 /* Release */,
			);
			defaultConfigurationIsVisible = 0;
			defaultConfigurationName = Release;
		};
/* End XCConfigurationList section */

/* Begin XCVersionGroup section */
		184A7BD7207C9460006A0EF8 /* aadi_app.xcdatamodeld */ = {
			isa = XCVersionGroup;
			children = (
				184A7BD8207C9460006A0EF8 /* aadi_app.xcdatamodel */,
			);
			currentVersion = 184A7BD8207C9460006A0EF8 /* aadi_app.xcdatamodel */;
			path = aadi_app.xcdatamodeld;
			sourceTree = "<group>";
			versionGroupType = wrapper.xcdatamodel;
		};
/* End XCVersionGroup section */
	};
	rootObject = 184A7BC5207C9460006A0EF8 /* Project object */;
}
